// !$*UTF8*$!
{
	archiveVersion = 1;
	classes = {
	};
	objectVersion = 46;
	objects = {

/* Begin PBXBuildFile section */
		AD5006351D45D717002B4BA0 /* AppDelegate.swift in Sources */ = {isa = PBXBuildFile; fileRef = AD5006341D45D717002B4BA0 /* AppDelegate.swift */; };
		AD50063A1D45D717002B4BA0 /* Main.storyboard in Resources */ = {isa = PBXBuildFile; fileRef = AD5006381D45D717002B4BA0 /* Main.storyboard */; };
		AD50063C1D45D717002B4BA0 /* Assets.xcassets in Resources */ = {isa = PBXBuildFile; fileRef = AD50063B1D45D717002B4BA0 /* Assets.xcassets */; };
		AD50063F1D45D717002B4BA0 /* LaunchScreen.storyboard in Resources */ = {isa = PBXBuildFile; fileRef = AD50063D1D45D717002B4BA0 /* LaunchScreen.storyboard */; };
		AD5006491D45EC38002B4BA0 /* ListController.swift in Sources */ = {isa = PBXBuildFile; fileRef = AD5006481D45EC38002B4BA0 /* ListController.swift */; };
		AD50064C1D45F43C002B4BA0 /* Mp3Cell.swift in Sources */ = {isa = PBXBuildFile; fileRef = AD50064A1D45F43C002B4BA0 /* Mp3Cell.swift */; };
		AD50064D1D45F43C002B4BA0 /* Mp3Cell.xib in Resources */ = {isa = PBXBuildFile; fileRef = AD50064B1D45F43C002B4BA0 /* Mp3Cell.xib */; };
		AD50064F1D45F727002B4BA0 /* ScanController.swift in Sources */ = {isa = PBXBuildFile; fileRef = AD50064E1D45F727002B4BA0 /* ScanController.swift */; };
/* End PBXBuildFile section */

/* Begin PBXFileReference section */
		AD5006311D45D717002B4BA0 /* QRScan.app */ = {isa = PBXFileReference; explicitFileType = wrapper.application; includeInIndex = 0; path = QRScan.app; sourceTree = BUILT_PRODUCTS_DIR; };
		AD5006341D45D717002B4BA0 /* AppDelegate.swift */ = {isa = PBXFileReference; lastKnownFileType = sourcecode.swift; path = AppDelegate.swift; sourceTree = "<group>"; };
		AD5006391D45D717002B4BA0 /* Base */ = {isa = PBXFileReference; lastKnownFileType = file.storyboard; name = Base; path = Base.lproj/Main.storyboard; sourceTree = "<group>"; };
		AD50063B1D45D717002B4BA0 /* Assets.xcassets */ = {isa = PBXFileReference; lastKnownFileType = folder.assetcatalog; path = Assets.xcassets; sourceTree = "<group>"; };
		AD50063E1D45D717002B4BA0 /* Base */ = {isa = PBXFileReference; lastKnownFileType = file.storyboard; name = Base; path = Base.lproj/LaunchScreen.storyboard; sourceTree = "<group>"; };
		AD5006401D45D717002B4BA0 /* Info.plist */ = {isa = PBXFileReference; lastKnownFileType = text.plist.xml; path = Info.plist; sourceTree = "<group>"; };
		AD5006481D45EC38002B4BA0 /* ListController.swift */ = {isa = PBXFileReference; fileEncoding = 4; lastKnownFileType = sourcecode.swift; path = ListController.swift; sourceTree = "<group>"; };
		AD50064A1D45F43C002B4BA0 /* Mp3Cell.swift */ = {isa = PBXFileReference; fileEncoding = 4; lastKnownFileType = sourcecode.swift; path = Mp3Cell.swift; sourceTree = "<group>"; };
		AD50064B1D45F43C002B4BA0 /* Mp3Cell.xib */ = {isa = PBXFileReference; fileEncoding = 4; lastKnownFileType = file.xib; path = Mp3Cell.xib; sourceTree = "<group>"; };
		AD50064E1D45F727002B4BA0 /* ScanController.swift */ = {isa = PBXFileReference; fileEncoding = 4; lastKnownFileType = sourcecode.swift; path = ScanController.swift; sourceTree = "<group>"; };
/* End PBXFileReference section */

/* Begin PBXFrameworksBuildPhase section */
		AD50062E1D45D717002B4BA0 /* Frameworks */ = {
			isa = PBXFrameworksBuildPhase;
			buildActionMask = 2147483647;
			files = (
			);
			runOnlyForDeploymentPostprocessing = 0;
		};
/* End PBXFrameworksBuildPhase section */

/* Begin PBXGroup section */
		AD5006281D45D717002B4BA0 = {
			isa = PBXGroup;
			children = (
				AD5006331D45D717002B4BA0 /* QRScan */,
				AD5006321D45D717002B4BA0 /* Products */,
			);
			sourceTree = "<group>";
		};
		AD5006321D45D717002B4BA0 /* Products */ = {
			isa = PBXGroup;
			children = (
				AD5006311D45D717002B4BA0 /* QRScan.app */,
			);
			name = Products;
			sourceTree = "<group>";
		};
		AD5006331D45D717002B4BA0 /* QRScan */ = {
			isa = PBXGroup;
			children = (
				AD5006341D45D717002B4BA0 /* AppDelegate.swift */,
				AD5006481D45EC38002B4BA0 /* ListController.swift */,
				AD50064E1D45F727002B4BA0 /* ScanController.swift */,
				AD50064A1D45F43C002B4BA0 /* Mp3Cell.swift */,
				AD50064B1D45F43C002B4BA0 /* Mp3Cell.xib */,
				AD5006381D45D717002B4BA0 /* Main.storyboard */,
				AD50063B1D45D717002B4BA0 /* Assets.xcassets */,
				AD50063D1D45D717002B4BA0 /* LaunchScreen.storyboard */,
				AD5006401D45D717002B4BA0 /* Info.plist */,
			);
			path = QRScan;
			sourceTree = "<group>";
		};
/* End PBXGroup section */

/* Begin PBXNativeTarget section */
		AD5006301D45D717002B4BA0 /* QRScan */ = {
			isa = PBXNativeTarget;
			buildConfigurationList = AD5006431D45D717002B4BA0 /* Build configuration list for PBXNativeTarget "QRScan" */;
			buildPhases = (
				AD50062D1D45D717002B4BA0 /* Sources */,
				AD50062E1D45D717002B4BA0 /* Frameworks */,
				AD50062F1D45D717002B4BA0 /* Resources */,
			);
			buildRules = (
			);
			dependencies = (
			);
			name = QRScan;
			productName = QRScan;
			productReference = AD5006311D45D717002B4BA0 /* QRScan.app */;
			productType = "com.apple.product-type.application";
		};
/* End PBXNativeTarget section */

/* Begin PBXProject section */
		AD5006291D45D717002B4BA0 /* Project object */ = {
			isa = PBXProject;
			attributes = {
				LastSwiftUpdateCheck = 0730;
				LastUpgradeCheck = 0730;
				ORGANIZATIONNAME = zonebin;
				TargetAttributes = {
					AD5006301D45D717002B4BA0 = {
						CreatedOnToolsVersion = 7.3.1;
						DevelopmentTeam = NKB8MC96U5;
					};
				};
			};
			buildConfigurationList = AD50062C1D45D717002B4BA0 /* Build configuration list for PBXProject "QRScan" */;
			compatibilityVersion = "Xcode 3.2";
			developmentRegion = English;
			hasScannedForEncodings = 0;
			knownRegions = (
				en,
				Base,
			);
			mainGroup = AD5006281D45D717002B4BA0;
			productRefGroup = AD5006321D45D717002B4BA0 /* Products */;
			projectDirPath = "";
			projectRoot = "";
			targets = (
				AD5006301D45D717002B4BA0 /* QRScan */,
			);
		};
/* End PBXProject section */

/* Begin PBXResourcesBuildPhase section */
		AD50062F1D45D717002B4BA0 /* Resources */ = {
			isa = PBXResourcesBuildPhase;
			buildActionMask = 2147483647;
			files = (
				AD50064D1D45F43C002B4BA0 /* Mp3Cell.xib in Resources */,
				AD50063F1D45D717002B4BA0 /* LaunchScreen.storyboard in Resources */,
				AD50063C1D45D717002B4BA0 /* Assets.xcassets in Resources */,
				AD50063A1D45D717002B4BA0 /* Main.storyboard in Resources */,
			);
			runOnlyForDeploymentPostprocessing = 0;
		};
/* End PBXResourcesBuildPhase section */

/* Begin PBXSourcesBuildPhase section */
		AD50062D1D45D717002B4BA0 /* Sources */ = {
			isa = PBXSourcesBuildPhase;
			buildActionMask = 2147483647;
			files = (
				AD50064F1D45F727002B4BA0 /* ScanController.swift in Sources */,
				AD5006351D45D717002B4BA0 /* AppDelegate.swift in Sources */,
				AD5006491D45EC38002B4BA0 /* ListController.swift in Sources */,
				AD50064C1D45F43C002B4BA0 /* Mp3Cell.swift in Sources */,
			);
			runOnlyForDeploymentPostprocessing = 0;
		};
/* End PBXSourcesBuildPhase section */

/* Begin PBXVariantGroup section */
		AD5006381D45D717002B4BA0 /* Main.storyboard */ = {
			isa = PBXVariantGroup;
			children = (
				AD5006391D45D717002B4BA0 /* Base */,
			);
			name = Main.storyboard;
			sourceTree = "<group>";
		};
		AD50063D1D45D717002B4BA0 /* LaunchScreen.storyboard */ = {
			isa = PBXVariantGroup;
			children = (
				AD50063E1D45D717002B4BA0 /* Base */,
			);
			name = LaunchScreen.storyboard;
			sourceTree = "<group>";
		};
/* End PBXVariantGroup section */

/* Begin XCBuildConfiguration section */
		AD5006411D45D717002B4BA0 /* Debug */ = {
			isa = XCBuildConfiguration;
			buildSettings = {
				ALWAYS_SEARCH_USER_PATHS = NO;
				CLANG_ANALYZER_NONNULL = YES;
				CLANG_CXX_LANGUAGE_STANDARD = "gnu++0x";
				CLANG_CXX_LIBRARY = "libc++";
				CLANG_ENABLE_MODULES = YES;
				CLANG_ENABLE_OBJC_ARC = YES;
				CLANG_WARN_BOOL_CONVERSION = YES;
				CLANG_WARN_CONSTANT_CONVERSION = YES;
				CLANG_WARN_DIRECT_OBJC_ISA_USAGE = YES_ERROR;
				CLANG_WARN_EMPTY_BODY = YES;
				CLANG_WARN_ENUM_CONVERSION = YES;
				CLANG_WARN_INT_CONVERSION = YES;
				CLANG_WARN_OBJC_ROOT_CLASS = YES_ERROR;
				CLANG_WARN_UNREACHABLE_CODE = YES;
				CLANG_WARN__DUPLICATE_METHOD_MATCH = YES;
				"CODE_SIGN_IDENTITY[sdk=iphoneos*]" = "iPhone Developer";
				COPY_PHASE_STRIP = NO;
				DEBUG_INFORMATION_FORMAT = dwarf;
				ENABLE_STRICT_OBJC_MSGSEND = YES;
				ENABLE_TESTABILITY = YES;
				GCC_C_LANGUAGE_STANDARD = gnu99;
				GCC_DYNAMIC_NO_PIC = NO;
				GCC_NO_COMMON_BLOCKS = YES;
				GCC_OPTIMIZATION_LEVEL = 0;
				GCC_PREPROCESSOR_DEFINITIONS = (
					"DEBUG=1",
					"$(inherited)",
				);
				GCC_WARN_64_TO_32_BIT_CONVERSION = YES;
				GCC_WARN_ABOUT_RETURN_TYPE = YES_ERROR;
				GCC_WARN_UNDECLARED_SELECTOR = YES;
				GCC_WARN_UNINITIALIZED_AUTOS = YES_AGGRESSIVE;
				GCC_WARN_UNUSED_FUNCTION = YES;
				GCC_WARN_UNUSED_VARIABLE = YES;
				IPHONEOS_DEPLOYMENT_TARGET = 9.3;
				MTL_ENABLE_DEBUG_INFO = YES;
				ONLY_ACTIVE_ARCH = YES;
				SDKROOT = iphoneos;
				SWIFT_OPTIMIZATION_LEVEL = "-Onone";
			};
			name = Debug;
		};
		AD5006421D45D717002B4BA0 /* Release */ = {
			isa = XCBuildConfiguration;
			buildSettings = {
				ALWAYS_SEARCH_USER_PATHS = NO;
				CLANG_ANALYZER_NONNULL = YES;
				CLANG_CXX_LANGUAGE_STANDARD = "gnu++0x";
				CLANG_CXX_LIBRARY = "libc++";
				CLANG_ENABLE_MODULES = YES;
				CLANG_ENABLE_OBJC_ARC = YES;
				CLANG_WARN_BOOL_CONVERSION = YES;
				CLANG_WARN_CONSTANT_CONVERSION = YES;
				CLANG_WARN_DIRECT_OBJC_ISA_USAGE = YES_ERROR;
				CLANG_WARN_EMPTY_BODY = YES;
				CLANG_WARN_ENUM_CONVERSION = YES;
				CLANG_WARN_INT_CONVERSION = YES;
				CLANG_WARN_OBJC_ROOT_CLASS = YES_ERROR;
				CLANG_WARN_UNREACHABLE_CODE = YES;
				CLANG_WARN__DUPLICATE_METHOD_MATCH = YES;
				"CODE_SIGN_IDENTITY[sdk=iphoneos*]" = "iPhone Developer";
				COPY_PHASE_STRIP = NO;
				DEBUG_INFORMATION_FORMAT = "dwarf-with-dsym";
				ENABLE_NS_ASSERTIONS = NO;
				ENABLE_STRICT_OBJC_MSGSEND = YES;
				GCC_C_LANGUAGE_STANDARD = gnu99;
				GCC_NO_COMMON_BLOCKS = YES;
				GCC_WARN_64_TO_32_BIT_CONVERSION = YES;
				GCC_WARN_ABOUT_RETURN_TYPE = YES_ERROR;
				GCC_WARN_UNDECLARED_SELECTOR = YES;
				GCC_WARN_UNINITIALIZED_AUTOS = YES_AGGRESSIVE;
				GCC_WARN_UNUSED_FUNCTION = YES;
				GCC_WARN_UNUSED_VARIABLE = YES;
				IPHONEOS_DEPLOYMENT_TARGET = 9.3;
				MTL_ENABLE_DEBUG_INFO = NO;
				SDKROOT = iphoneos;
				VALIDATE_PRODUCT = YES;
			};
			name = Release;
		};
		AD5006441D45D717002B4BA0 /* Debug */ = {
			isa = XCBuildConfiguration;
			buildSettings = {
				ASSETCATALOG_COMPILER_APPICON_NAME = AppIcon;
				CODE_SIGN_IDENTITY = "iPhone Developer";
				"CODE_SIGN_IDENTITY[sdk=iphoneos*]" = "iPhone Developer";
				INFOPLIST_FILE = QRScan/Info.plist;
				LD_RUNPATH_SEARCH_PATHS = "$(inherited) @executable_path/Frameworks";
				PRODUCT_BUNDLE_IDENTIFIER = com.zonebin.QRScan;
				PRODUCT_NAME = "$(TARGET_NAME)";
				PROVISIONING_PROFILE = "";
			};
			name = Debug;
		};
		AD5006451D45D717002B4BA0 /* Release */ = {
			isa = XCBuildConfiguration;
			buildSettings = {
				ASSETCATALOG_COMPILER_APPICON_NAME = AppIcon;
				CODE_SIGN_IDENTITY = "iPhone Developer";
				"CODE_SIGN_IDENTITY[sdk=iphoneos*]" = "iPhone Developer";
				INFOPLIST_FILE = QRScan/Info.plist;
				LD_RUNPATH_SEARCH_PATHS = "$(inherited) @executable_path/Frameworks";
				PRODUCT_BUNDLE_IDENTIFIER = com.zonebin.QRScan;
				PRODUCT_NAME = "$(TARGET_NAME)";
				PROVISIONING_PROFILE = "";
			};
			name = Release;
		};
/* End XCBuildConfiguration section */

/* Begin XCConfigurationList section */
		AD50062C1D45D717002B4BA0 /* Build configuration list for PBXProject "QRScan" */ = {
			isa = XCConfigurationList;
			buildConfigurations = (
				AD5006411D45D717002B4BA0 /* Debug */,
				AD5006421D45D717002B4BA0 /* Release */,
			);
			defaultConfigurationIsVisible = 0;
			defaultConfigurationName = Release;
		};
		AD5006431D45D717002B4BA0 /* Build configuration list for PBXNativeTarget "QRScan" */ = {
			isa = XCConfigurationList;
			buildConfigurations = (
				AD5006441D45D717002B4BA0 /* Debug */,
				AD5006451D45D717002B4BA0 /* Release */,
			);
			defaultConfigurationIsVisible = 0;
			defaultConfigurationName = Release;
		};
/* End XCConfigurationList section */
	};
	rootObject = AD5006291D45D717002B4BA0 /* Project object */;
}
